
Microsoft Visual Studio Solution File, Format Version 12.00
# Visual Studio Version 17
VisualStudioVersion = 17.0.31903.59
MinimumVisualStudioVersion = 10.0.40219.1
Project("{2150E333-8FDC-42A3-9474-1A3956D46DE8}") = "src", "src", "{21F5061F-E520-40E7-81D9-51B950C26F91}"
EndProject
Project("{FAE04EC0-301F-11D3-BF4B-00C04F79EFBC}") = "AuctionService", "src\AuctionService\AuctionService.csproj", "{414024B0-A4B2-47F5-BE50-632E1CA13E81}"
EndProject
Project("{FAE04EC0-301F-11D3-BF4B-00C04F79EFBC}") = "SearchService", "src\SearchService\SearchService.csproj", "{D3FF51EC-97C7-4D44-BC48-C6A60446EFBF}"
EndProject
Global
	GlobalSection(SolutionConfigurationPlatforms) = preSolution
		Debug|Any CPU = Debug|Any CPU
		Release|Any CPU = Release|Any CPU
	EndGlobalSection
	GlobalSection(SolutionProperties) = preSolution
		HideSolutionNode = FALSE
	EndGlobalSection
	GlobalSection(ProjectConfigurationPlatforms) = postSolution
		{414024B0-A4B2-47F5-BE50-632E1CA13E81}.Debug|Any CPU.ActiveCfg = Debug|Any CPU
		{414024B0-A4B2-47F5-BE50-632E1CA13E81}.Debug|Any CPU.Build.0 = Debug|Any CPU
		{414024B0-A4B2-47F5-BE50-632E1CA13E81}.Release|Any CPU.ActiveCfg = Release|Any CPU
		{414024B0-A4B2-47F5-BE50-632E1CA13E81}.Release|Any CPU.Build.0 = Release|Any CPU
		{D3FF51EC-97C7-4D44-BC48-C6A60446EFBF}.Debug|Any CPU.ActiveCfg = Debug|Any CPU
		{D3FF51EC-97C7-4D44-BC48-C6A60446EFBF}.Debug|Any CPU.Build.0 = Debug|Any CPU
		{D3FF51EC-97C7-4D44-BC48-C6A60446EFBF}.Release|Any CPU.ActiveCfg = Release|Any CPU
		{D3FF51EC-97C7-4D44-BC48-C6A60446EFBF}.Release|Any CPU.Build.0 = Release|Any CPU
	EndGlobalSection
	GlobalSection(NestedProjects) = preSolution
		{414024B0-A4B2-47F5-BE50-632E1CA13E81} = {21F5061F-E520-40E7-81D9-51B950C26F91}
		{D3FF51EC-97C7-4D44-BC48-C6A60446EFBF} = {21F5061F-E520-40E7-81D9-51B950C26F91}
	EndGlobalSection
EndGlobal
